// !$*UTF8*$!
{
	archiveVersion = 1;
	classes = {
	};
	objectVersion = 46;
	objects = {

/* Begin PBXBuildFile section */
		7AC930A95B7FB159B000999E /* libPods-eventApp.a in Frameworks */ = {isa = PBXBuildFile; fileRef = 2E5982F00E521E6C0A50226C /* libPods-eventApp.a */; };
		BCAFB2537805DE0363E12437 /* libPods-eventAppTests.a in Frameworks */ = {isa = PBXBuildFile; fileRef = 78E3A6C9B00FF2A9F943082D /* libPods-eventAppTests.a */; };
		E914B8731DF5317B00D55EE9 /* LogInViewController.m in Sources */ = {isa = PBXBuildFile; fileRef = E914B8721DF5317B00D55EE9 /* LogInViewController.m */; };
		E914B8761DF5505600D55EE9 /* SanFranciscoText-Light.ttf in Resources */ = {isa = PBXBuildFile; fileRef = E914B8751DF54F1C00D55EE9 /* SanFranciscoText-Light.ttf */; };
		E914B8781DF6304200D55EE9 /* style.json in Resources */ = {isa = PBXBuildFile; fileRef = E914B8771DF6304200D55EE9 /* style.json */; };
		E914B87A1DF637B700D55EE9 /* styleDay.json in Resources */ = {isa = PBXBuildFile; fileRef = E914B8791DF637B700D55EE9 /* styleDay.json */; };
		E93C3CD31DF6A864006C9761 /* MainMenuViewController.m in Sources */ = {isa = PBXBuildFile; fileRef = E93C3CD21DF6A864006C9761 /* MainMenuViewController.m */; };
		FAA8C4541DED472600C3DD0E /* MapViewController.m in Sources */ = {isa = PBXBuildFile; fileRef = FAA8C4531DED472600C3DD0E /* MapViewController.m */; };
		FAB8DF6B1DE386350091B7B1 /* main.m in Sources */ = {isa = PBXBuildFile; fileRef = FAB8DF6A1DE386350091B7B1 /* main.m */; };
		FAB8DF6E1DE386350091B7B1 /* AppDelegate.m in Sources */ = {isa = PBXBuildFile; fileRef = FAB8DF6D1DE386350091B7B1 /* AppDelegate.m */; };
		FAB8DF711DE386350091B7B1 /* ViewController.m in Sources */ = {isa = PBXBuildFile; fileRef = FAB8DF701DE386350091B7B1 /* ViewController.m */; };
		FAB8DF741DE386360091B7B1 /* Main.storyboard in Resources */ = {isa = PBXBuildFile; fileRef = FAB8DF721DE386360091B7B1 /* Main.storyboard */; };
		FAB8DF761DE386360091B7B1 /* Assets.xcassets in Resources */ = {isa = PBXBuildFile; fileRef = FAB8DF751DE386360091B7B1 /* Assets.xcassets */; };
		FAB8DF791DE386360091B7B1 /* LaunchScreen.storyboard in Resources */ = {isa = PBXBuildFile; fileRef = FAB8DF771DE386360091B7B1 /* LaunchScreen.storyboard */; };
		FAB8DF8F1DE386360091B7B1 /* eventAppUITests.m in Sources */ = {isa = PBXBuildFile; fileRef = FAB8DF8E1DE386360091B7B1 /* eventAppUITests.m */; };
		FAB8DF9D1DE3866B0091B7B1 /* Podfile in Resources */ = {isa = PBXBuildFile; fileRef = FAB8DF9C1DE3866B0091B7B1 /* Podfile */; };
		FAB8DFA91DE39E6B0091B7B1 /* Event.m in Sources */ = {isa = PBXBuildFile; fileRef = FAB8DFA81DE39E6B0091B7B1 /* Event.m */; };
		FAB8DFAB1DE3AB880091B7B1 /* libsqlite3.tbd in Frameworks */ = {isa = PBXBuildFile; fileRef = FAB8DFAA1DE3AB880091B7B1 /* libsqlite3.tbd */; };
/* End PBXBuildFile section */

/* Begin PBXContainerItemProxy section */
		FAB8DF801DE386360091B7B1 /* PBXContainerItemProxy */ = {
			isa = PBXContainerItemProxy;
			containerPortal = FAB8DF5E1DE386350091B7B1 /* Project object */;
			proxyType = 1;
			remoteGlobalIDString = FAB8DF651DE386350091B7B1;
			remoteInfo = eventApp;
		};
		FAB8DF8B1DE386360091B7B1 /* PBXContainerItemProxy */ = {
			isa = PBXContainerItemProxy;
			containerPortal = FAB8DF5E1DE386350091B7B1 /* Project object */;
			proxyType = 1;
			remoteGlobalIDString = FAB8DF651DE386350091B7B1;
			remoteInfo = eventApp;
		};
/* End PBXContainerItemProxy section */

/* Begin PBXFileReference section */
		2E5982F00E521E6C0A50226C /* libPods-eventApp.a */ = {isa = PBXFileReference; explicitFileType = archive.ar; includeInIndex = 0; path = "libPods-eventApp.a"; sourceTree = BUILT_PRODUCTS_DIR; };
		3C8F0C82CF611CAC46D83D54 /* Pods-eventAppTests.debug.xcconfig */ = {isa = PBXFileReference; includeInIndex = 1; lastKnownFileType = text.xcconfig; name = "Pods-eventAppTests.debug.xcconfig"; path = "Pods/Target Support Files/Pods-eventAppTests/Pods-eventAppTests.debug.xcconfig"; sourceTree = "<group>"; };
		725C152859638777503B8A0F /* Pods-eventApp.debug.xcconfig */ = {isa = PBXFileReference; includeInIndex = 1; lastKnownFileType = text.xcconfig; name = "Pods-eventApp.debug.xcconfig"; path = "Pods/Target Support Files/Pods-eventApp/Pods-eventApp.debug.xcconfig"; sourceTree = "<group>"; };
		78E3A6C9B00FF2A9F943082D /* libPods-eventAppTests.a */ = {isa = PBXFileReference; explicitFileType = archive.ar; includeInIndex = 0; path = "libPods-eventAppTests.a"; sourceTree = BUILT_PRODUCTS_DIR; };
		8EA7B8E5537F6EE8F8DF0749 /* Pods-eventAppTests.release.xcconfig */ = {isa = PBXFileReference; includeInIndex = 1; lastKnownFileType = text.xcconfig; name = "Pods-eventAppTests.release.xcconfig"; path = "Pods/Target Support Files/Pods-eventAppTests/Pods-eventAppTests.release.xcconfig"; sourceTree = "<group>"; };
		DB06548DC021599EE97C9AF8 /* Pods-eventApp.release.xcconfig */ = {isa = PBXFileReference; includeInIndex = 1; lastKnownFileType = text.xcconfig; name = "Pods-eventApp.release.xcconfig"; path = "Pods/Target Support Files/Pods-eventApp/Pods-eventApp.release.xcconfig"; sourceTree = "<group>"; };
		E914B8711DF5317B00D55EE9 /* LogInViewController.h */ = {isa = PBXFileReference; fileEncoding = 4; lastKnownFileType = sourcecode.c.h; path = LogInViewController.h; sourceTree = "<group>"; };
		E914B8721DF5317B00D55EE9 /* LogInViewController.m */ = {isa = PBXFileReference; fileEncoding = 4; lastKnownFileType = sourcecode.c.objc; path = LogInViewController.m; sourceTree = "<group>"; };
		E914B8751DF54F1C00D55EE9 /* SanFranciscoText-Light.ttf */ = {isa = PBXFileReference; lastKnownFileType = file; path = "SanFranciscoText-Light.ttf"; sourceTree = "<group>"; };
		E914B8771DF6304200D55EE9 /* style.json */ = {isa = PBXFileReference; fileEncoding = 4; lastKnownFileType = text.json; path = style.json; sourceTree = "<group>"; };
		E914B8791DF637B700D55EE9 /* styleDay.json */ = {isa = PBXFileReference; fileEncoding = 4; lastKnownFileType = text.json; path = styleDay.json; sourceTree = "<group>"; };
		E93C3CD11DF6A864006C9761 /* MainMenuViewController.h */ = {isa = PBXFileReference; fileEncoding = 4; lastKnownFileType = sourcecode.c.h; path = MainMenuViewController.h; sourceTree = "<group>"; };
		E93C3CD21DF6A864006C9761 /* MainMenuViewController.m */ = {isa = PBXFileReference; fileEncoding = 4; lastKnownFileType = sourcecode.c.objc; path = MainMenuViewController.m; sourceTree = "<group>"; };
		FAA8C4521DED472600C3DD0E /* MapViewController.h */ = {isa = PBXFileReference; fileEncoding = 4; lastKnownFileType = sourcecode.c.h; path = MapViewController.h; sourceTree = "<group>"; };
		FAA8C4531DED472600C3DD0E /* MapViewController.m */ = {isa = PBXFileReference; fileEncoding = 4; lastKnownFileType = sourcecode.c.objc; path = MapViewController.m; sourceTree = "<group>"; };
		FAB8DF661DE386350091B7B1 /* eventApp.app */ = {isa = PBXFileReference; explicitFileType = wrapper.application; includeInIndex = 0; path = eventApp.app; sourceTree = BUILT_PRODUCTS_DIR; };
		FAB8DF6A1DE386350091B7B1 /* main.m */ = {isa = PBXFileReference; lastKnownFileType = sourcecode.c.objc; path = main.m; sourceTree = "<group>"; };
		FAB8DF6C1DE386350091B7B1 /* AppDelegate.h */ = {isa = PBXFileReference; lastKnownFileType = sourcecode.c.h; path = AppDelegate.h; sourceTree = "<group>"; };
		FAB8DF6D1DE386350091B7B1 /* AppDelegate.m */ = {isa = PBXFileReference; lastKnownFileType = sourcecode.c.objc; path = AppDelegate.m; sourceTree = "<group>"; };
		FAB8DF6F1DE386350091B7B1 /* ViewController.h */ = {isa = PBXFileReference; lastKnownFileType = sourcecode.c.h; path = ViewController.h; sourceTree = "<group>"; };
		FAB8DF701DE386350091B7B1 /* ViewController.m */ = {isa = PBXFileReference; lastKnownFileType = sourcecode.c.objc; path = ViewController.m; sourceTree = "<group>"; };
		FAB8DF731DE386360091B7B1 /* Base */ = {isa = PBXFileReference; lastKnownFileType = file.storyboard; name = Base; path = Base.lproj/Main.storyboard; sourceTree = "<group>"; };
		FAB8DF751DE386360091B7B1 /* Assets.xcassets */ = {isa = PBXFileReference; lastKnownFileType = folder.assetcatalog; path = Assets.xcassets; sourceTree = "<group>"; };
		FAB8DF781DE386360091B7B1 /* Base */ = {isa = PBXFileReference; lastKnownFileType = file.storyboard; name = Base; path = Base.lproj/LaunchScreen.storyboard; sourceTree = "<group>"; };
		FAB8DF7A1DE386360091B7B1 /* Info.plist */ = {isa = PBXFileReference; lastKnownFileType = text.plist.xml; path = Info.plist; sourceTree = "<group>"; };
		FAB8DF7F1DE386360091B7B1 /* eventAppTests.xctest */ = {isa = PBXFileReference; explicitFileType = wrapper.cfbundle; includeInIndex = 0; path = eventAppTests.xctest; sourceTree = BUILT_PRODUCTS_DIR; };
		FAB8DF851DE386360091B7B1 /* Info.plist */ = {isa = PBXFileReference; lastKnownFileType = text.plist.xml; path = Info.plist; sourceTree = "<group>"; };
		FAB8DF8A1DE386360091B7B1 /* eventAppUITests.xctest */ = {isa = PBXFileReference; explicitFileType = wrapper.cfbundle; includeInIndex = 0; path = eventAppUITests.xctest; sourceTree = BUILT_PRODUCTS_DIR; };
		FAB8DF8E1DE386360091B7B1 /* eventAppUITests.m */ = {isa = PBXFileReference; lastKnownFileType = sourcecode.c.objc; path = eventAppUITests.m; sourceTree = "<group>"; };
		FAB8DF901DE386360091B7B1 /* Info.plist */ = {isa = PBXFileReference; lastKnownFileType = text.plist.xml; path = Info.plist; sourceTree = "<group>"; };
		FAB8DF9C1DE3866B0091B7B1 /* Podfile */ = {isa = PBXFileReference; fileEncoding = 4; lastKnownFileType = text; path = Podfile; sourceTree = "<group>"; xcLanguageSpecificationIdentifier = xcode.lang.ruby; };
		FAB8DFA71DE39E6B0091B7B1 /* Event.h */ = {isa = PBXFileReference; fileEncoding = 4; lastKnownFileType = sourcecode.c.h; path = Event.h; sourceTree = "<group>"; };
		FAB8DFA81DE39E6B0091B7B1 /* Event.m */ = {isa = PBXFileReference; fileEncoding = 4; lastKnownFileType = sourcecode.c.objc; path = Event.m; sourceTree = "<group>"; };
		FAB8DFAA1DE3AB880091B7B1 /* libsqlite3.tbd */ = {isa = PBXFileReference; lastKnownFileType = "sourcecode.text-based-dylib-definition"; name = libsqlite3.tbd; path = usr/lib/libsqlite3.tbd; sourceTree = SDKROOT; };
		FAB8DFD41DE4BE960091B7B1 /* eventApp.entitlements */ = {isa = PBXFileReference; lastKnownFileType = text.plist.entitlements; path = eventApp.entitlements; sourceTree = "<group>"; };
/* End PBXFileReference section */

/* Begin PBXFrameworksBuildPhase section */
		FAB8DF631DE386350091B7B1 /* Frameworks */ = {
			isa = PBXFrameworksBuildPhase;
			buildActionMask = 2147483647;
			files = (
				FAB8DFAB1DE3AB880091B7B1 /* libsqlite3.tbd in Frameworks */,
				7AC930A95B7FB159B000999E /* libPods-eventApp.a in Frameworks */,
			);
			runOnlyForDeploymentPostprocessing = 0;
		};
		FAB8DF7C1DE386360091B7B1 /* Frameworks */ = {
			isa = PBXFrameworksBuildPhase;
			buildActionMask = 2147483647;
			files = (
				BCAFB2537805DE0363E12437 /* libPods-eventAppTests.a in Frameworks */,
			);
			runOnlyForDeploymentPostprocessing = 0;
		};
		FAB8DF871DE386360091B7B1 /* Frameworks */ = {
			isa = PBXFrameworksBuildPhase;
			buildActionMask = 2147483647;
			files = (
			);
			runOnlyForDeploymentPostprocessing = 0;
		};
/* End PBXFrameworksBuildPhase section */

/* Begin PBXGroup section */
		3314EF63AFD99DD4FF731159 /* Frameworks */ = {
			isa = PBXGroup;
			children = (
				FAB8DFAA1DE3AB880091B7B1 /* libsqlite3.tbd */,
				2E5982F00E521E6C0A50226C /* libPods-eventApp.a */,
				78E3A6C9B00FF2A9F943082D /* libPods-eventAppTests.a */,
			);
			name = Frameworks;
			sourceTree = "<group>";
		};
		7FD2EB8B39D7AEF5C5F0D662 /* Pods */ = {
			isa = PBXGroup;
			children = (
				725C152859638777503B8A0F /* Pods-eventApp.debug.xcconfig */,
				DB06548DC021599EE97C9AF8 /* Pods-eventApp.release.xcconfig */,
				3C8F0C82CF611CAC46D83D54 /* Pods-eventAppTests.debug.xcconfig */,
				8EA7B8E5537F6EE8F8DF0749 /* Pods-eventAppTests.release.xcconfig */,
			);
			name = Pods;
			sourceTree = "<group>";
		};
		FAB8DF5D1DE386350091B7B1 = {
			isa = PBXGroup;
			children = (
				FAB8DF9C1DE3866B0091B7B1 /* Podfile */,
				FAB8DF681DE386350091B7B1 /* eventApp */,
				FAB8DF821DE386360091B7B1 /* eventAppTests */,
				FAB8DF8D1DE386360091B7B1 /* eventAppUITests */,
				FAB8DF671DE386350091B7B1 /* Products */,
				7FD2EB8B39D7AEF5C5F0D662 /* Pods */,
				3314EF63AFD99DD4FF731159 /* Frameworks */,
			);
			sourceTree = "<group>";
		};
		FAB8DF671DE386350091B7B1 /* Products */ = {
			isa = PBXGroup;
			children = (
				FAB8DF661DE386350091B7B1 /* eventApp.app */,
				FAB8DF7F1DE386360091B7B1 /* eventAppTests.xctest */,
				FAB8DF8A1DE386360091B7B1 /* eventAppUITests.xctest */,
			);
			name = Products;
			sourceTree = "<group>";
		};
		FAB8DF681DE386350091B7B1 /* eventApp */ = {
			isa = PBXGroup;
			children = (
				FAB8DFD41DE4BE960091B7B1 /* eventApp.entitlements */,
				E914B8751DF54F1C00D55EE9 /* SanFranciscoText-Light.ttf */,
				FAB8DF6C1DE386350091B7B1 /* AppDelegate.h */,
				FAB8DF6D1DE386350091B7B1 /* AppDelegate.m */,
				FAA8C4521DED472600C3DD0E /* MapViewController.h */,
				FAA8C4531DED472600C3DD0E /* MapViewController.m */,
				FAB8DF6F1DE386350091B7B1 /* ViewController.h */,
				FAB8DF701DE386350091B7B1 /* ViewController.m */,
				E914B8711DF5317B00D55EE9 /* LogInViewController.h */,
				E914B8721DF5317B00D55EE9 /* LogInViewController.m */,
				FAB8DF721DE386360091B7B1 /* Main.storyboard */,
				FAB8DF751DE386360091B7B1 /* Assets.xcassets */,
				FAB8DF771DE386360091B7B1 /* LaunchScreen.storyboard */,
				FAB8DF7A1DE386360091B7B1 /* Info.plist */,
				FAB8DF691DE386350091B7B1 /* Supporting Files */,
				E914B8771DF6304200D55EE9 /* style.json */,
				E914B8791DF637B700D55EE9 /* styleDay.json */,
				E93C3CD11DF6A864006C9761 /* MainMenuViewController.h */,
				E93C3CD21DF6A864006C9761 /* MainMenuViewController.m */,
			);
			path = eventApp;
			sourceTree = "<group>";
		};
		FAB8DF691DE386350091B7B1 /* Supporting Files */ = {
			isa = PBXGroup;
			children = (
				FAB8DFA61DE39E2E0091B7B1 /* DTO */,
				FAB8DF6A1DE386350091B7B1 /* main.m */,
			);
			name = "Supporting Files";
			sourceTree = "<group>";
		};
		FAB8DF821DE386360091B7B1 /* eventAppTests */ = {
			isa = PBXGroup;
			children = (
				FAB8DF851DE386360091B7B1 /* Info.plist */,
			);
			path = eventAppTests;
			sourceTree = "<group>";
		};
		FAB8DF8D1DE386360091B7B1 /* eventAppUITests */ = {
			isa = PBXGroup;
			children = (
				FAB8DF8E1DE386360091B7B1 /* eventAppUITests.m */,
				FAB8DF901DE386360091B7B1 /* Info.plist */,
			);
			path = eventAppUITests;
			sourceTree = "<group>";
		};
		FAB8DFA61DE39E2E0091B7B1 /* DTO */ = {
			isa = PBXGroup;
			children = (
				FAB8DFA71DE39E6B0091B7B1 /* Event.h */,
				FAB8DFA81DE39E6B0091B7B1 /* Event.m */,
			);
			name = DTO;
			sourceTree = "<group>";
		};
/* End PBXGroup section */

/* Begin PBXNativeTarget section */
		FAB8DF651DE386350091B7B1 /* eventApp */ = {
			isa = PBXNativeTarget;
			buildConfigurationList = FAB8DF931DE386360091B7B1 /* Build configuration list for PBXNativeTarget "eventApp" */;
			buildPhases = (
				14FBE9EE736A2C10AD7AA072 /* [CP] Check Pods Manifest.lock */,
				FAB8DF621DE386350091B7B1 /* Sources */,
				FAB8DF631DE386350091B7B1 /* Frameworks */,
				FAB8DF641DE386350091B7B1 /* Resources */,
				B2FD4739FDD13ADFFC2C5D3E /* [CP] Embed Pods Frameworks */,
				565C3CA0D90C3E1BD36FD5AD /* [CP] Copy Pods Resources */,
			);
			buildRules = (
			);
			dependencies = (
			);
			name = eventApp;
			productName = eventApp;
			productReference = FAB8DF661DE386350091B7B1 /* eventApp.app */;
			productType = "com.apple.product-type.application";
		};
		FAB8DF7E1DE386360091B7B1 /* eventAppTests */ = {
			isa = PBXNativeTarget;
			buildConfigurationList = FAB8DF961DE386360091B7B1 /* Build configuration list for PBXNativeTarget "eventAppTests" */;
			buildPhases = (
				238C7D3A456F322782081914 /* [CP] Check Pods Manifest.lock */,
				FAB8DF7B1DE386360091B7B1 /* Sources */,
				FAB8DF7C1DE386360091B7B1 /* Frameworks */,
				FAB8DF7D1DE386360091B7B1 /* Resources */,
				6421131E7A12ABA55D98ABF1 /* [CP] Embed Pods Frameworks */,
				B7DE0CA0F171D20651B59ECC /* [CP] Copy Pods Resources */,
			);
			buildRules = (
			);
			dependencies = (
				FAB8DF811DE386360091B7B1 /* PBXTargetDependency */,
			);
			name = eventAppTests;
			productName = eventAppTests;
			productReference = FAB8DF7F1DE386360091B7B1 /* eventAppTests.xctest */;
			productType = "com.apple.product-type.bundle.unit-test";
		};
		FAB8DF891DE386360091B7B1 /* eventAppUITests */ = {
			isa = PBXNativeTarget;
			buildConfigurationList = FAB8DF991DE386360091B7B1 /* Build configuration list for PBXNativeTarget "eventAppUITests" */;
			buildPhases = (
				FAB8DF861DE386360091B7B1 /* Sources */,
				FAB8DF871DE386360091B7B1 /* Frameworks */,
				FAB8DF881DE386360091B7B1 /* Resources */,
			);
			buildRules = (
			);
			dependencies = (
				FAB8DF8C1DE386360091B7B1 /* PBXTargetDependency */,
			);
			name = eventAppUITests;
			productName = eventAppUITests;
			productReference = FAB8DF8A1DE386360091B7B1 /* eventAppUITests.xctest */;
			productType = "com.apple.product-type.bundle.ui-testing";
		};
/* End PBXNativeTarget section */

/* Begin PBXProject section */
		FAB8DF5E1DE386350091B7B1 /* Project object */ = {
			isa = PBXProject;
			attributes = {
				LastUpgradeCheck = 0810;
				ORGANIZATIONNAME = "Oo, Thein";
				TargetAttributes = {
					FAB8DF651DE386350091B7B1 = {
						CreatedOnToolsVersion = 8.1;
						DevelopmentTeam = UN8KEBG9D8;
						ProvisioningStyle = Automatic;
						SystemCapabilities = {
							com.apple.Keychain = {
								enabled = 1;
							};
						};
					};
					FAB8DF7E1DE386360091B7B1 = {
						CreatedOnToolsVersion = 8.1;
						ProvisioningStyle = Automatic;
						TestTargetID = FAB8DF651DE386350091B7B1;
					};
					FAB8DF891DE386360091B7B1 = {
						CreatedOnToolsVersion = 8.1;
						ProvisioningStyle = Automatic;
						TestTargetID = FAB8DF651DE386350091B7B1;
					};
				};
			};
			buildConfigurationList = FAB8DF611DE386350091B7B1 /* Build configuration list for PBXProject "eventApp" */;
			compatibilityVersion = "Xcode 3.2";
			developmentRegion = English;
			hasScannedForEncodings = 0;
			knownRegions = (
				en,
				Base,
			);
			mainGroup = FAB8DF5D1DE386350091B7B1;
			productRefGroup = FAB8DF671DE386350091B7B1 /* Products */;
			projectDirPath = "";
			projectRoot = "";
			targets = (
				FAB8DF651DE386350091B7B1 /* eventApp */,
				FAB8DF7E1DE386360091B7B1 /* eventAppTests */,
				FAB8DF891DE386360091B7B1 /* eventAppUITests */,
			);
		};
/* End PBXProject section */

/* Begin PBXResourcesBuildPhase section */
		FAB8DF641DE386350091B7B1 /* Resources */ = {
			isa = PBXResourcesBuildPhase;
			buildActionMask = 2147483647;
			files = (
				E914B8761DF5505600D55EE9 /* SanFranciscoText-Light.ttf in Resources */,
				E914B87A1DF637B700D55EE9 /* styleDay.json in Resources */,
				FAB8DF791DE386360091B7B1 /* LaunchScreen.storyboard in Resources */,
				FAB8DF761DE386360091B7B1 /* Assets.xcassets in Resources */,
				E914B8781DF6304200D55EE9 /* style.json in Resources */,
				FAB8DF9D1DE3866B0091B7B1 /* Podfile in Resources */,
				FAB8DF741DE386360091B7B1 /* Main.storyboard in Resources */,
			);
			runOnlyForDeploymentPostprocessing = 0;
		};
		FAB8DF7D1DE386360091B7B1 /* Resources */ = {
			isa = PBXResourcesBuildPhase;
			buildActionMask = 2147483647;
			files = (
			);
			runOnlyForDeploymentPostprocessing = 0;
		};
		FAB8DF881DE386360091B7B1 /* Resources */ = {
			isa = PBXResourcesBuildPhase;
			buildActionMask = 2147483647;
			files = (
			);
			runOnlyForDeploymentPostprocessing = 0;
		};
/* End PBXResourcesBuildPhase section */

/* Begin PBXShellScriptBuildPhase section */
		14FBE9EE736A2C10AD7AA072 /* [CP] Check Pods Manifest.lock */ = {
			isa = PBXShellScriptBuildPhase;
			buildActionMask = 2147483647;
			files = (
			);
			inputPaths = (
			);
			name = "[CP] Check Pods Manifest.lock";
			outputPaths = (
			);
			runOnlyForDeploymentPostprocessing = 0;
			shellPath = /bin/sh;
			shellScript = "diff \"${PODS_ROOT}/../Podfile.lock\" \"${PODS_ROOT}/Manifest.lock\" > /dev/null\nif [ $? != 0 ] ; then\n    # print error to STDERR\n    echo \"error: The sandbox is not in sync with the Podfile.lock. Run 'pod install' or update your CocoaPods installation.\" >&2\n    exit 1\nfi\n";
			showEnvVarsInLog = 0;
		};
		238C7D3A456F322782081914 /* [CP] Check Pods Manifest.lock */ = {
			isa = PBXShellScriptBuildPhase;
			buildActionMask = 2147483647;
			files = (
			);
			inputPaths = (
			);
			name = "[CP] Check Pods Manifest.lock";
			outputPaths = (
			);
			runOnlyForDeploymentPostprocessing = 0;
			shellPath = /bin/sh;
			shellScript = "diff \"${PODS_ROOT}/../Podfile.lock\" \"${PODS_ROOT}/Manifest.lock\" > /dev/null\nif [ $? != 0 ] ; then\n    # print error to STDERR\n    echo \"error: The sandbox is not in sync with the Podfile.lock. Run 'pod install' or update your CocoaPods installation.\" >&2\n    exit 1\nfi\n";
			showEnvVarsInLog = 0;
		};
		565C3CA0D90C3E1BD36FD5AD /* [CP] Copy Pods Resources */ = {
			isa = PBXShellScriptBuildPhase;
			buildActionMask = 2147483647;
			files = (
			);
			inputPaths = (
			);
			name = "[CP] Copy Pods Resources";
			outputPaths = (
			);
			runOnlyForDeploymentPostprocessing = 0;
			shellPath = /bin/sh;
			shellScript = "\"${SRCROOT}/Pods/Target Support Files/Pods-eventApp/Pods-eventApp-resources.sh\"\n";
			showEnvVarsInLog = 0;
		};
		6421131E7A12ABA55D98ABF1 /* [CP] Embed Pods Frameworks */ = {
			isa = PBXShellScriptBuildPhase;
			buildActionMask = 2147483647;
			files = (
			);
			inputPaths = (
			);
			name = "[CP] Embed Pods Frameworks";
			outputPaths = (
			);
			runOnlyForDeploymentPostprocessing = 0;
			shellPath = /bin/sh;
			shellScript = "\"${SRCROOT}/Pods/Target Support Files/Pods-eventAppTests/Pods-eventAppTests-frameworks.sh\"\n";
			showEnvVarsInLog = 0;
		};
		B2FD4739FDD13ADFFC2C5D3E /* [CP] Embed Pods Frameworks */ = {
			isa = PBXShellScriptBuildPhase;
			buildActionMask = 2147483647;
			files = (
			);
			inputPaths = (
			);
			name = "[CP] Embed Pods Frameworks";
			outputPaths = (
			);
			runOnlyForDeploymentPostprocessing = 0;
			shellPath = /bin/sh;
			shellScript = "\"${SRCROOT}/Pods/Target Support Files/Pods-eventApp/Pods-eventApp-frameworks.sh\"\n";
			showEnvVarsInLog = 0;
		};
		B7DE0CA0F171D20651B59ECC /* [CP] Copy Pods Resources */ = {
			isa = PBXShellScriptBuildPhase;
			buildActionMask = 2147483647;
			files = (
			);
			inputPaths = (
			);
			name = "[CP] Copy Pods Resources";
			outputPaths = (
			);
			runOnlyForDeploymentPostprocessing = 0;
			shellPath = /bin/sh;
			shellScript = "\"${SRCROOT}/Pods/Target Support Files/Pods-eventAppTests/Pods-eventAppTests-resources.sh\"\n";
			showEnvVarsInLog = 0;
		};
/* End PBXShellScriptBuildPhase section */

/* Begin PBXSourcesBuildPhase section */
		FAB8DF621DE386350091B7B1 /* Sources */ = {
			isa = PBXSourcesBuildPhase;
			buildActionMask = 2147483647;
			files = (
				FAB8DF711DE386350091B7B1 /* ViewController.m in Sources */,
				FAB8DFA91DE39E6B0091B7B1 /* Event.m in Sources */,
				E914B8731DF5317B00D55EE9 /* LogInViewController.m in Sources */,
				FAA8C4541DED472600C3DD0E /* MapViewController.m in Sources */,
				FAB8DF6E1DE386350091B7B1 /* AppDelegate.m in Sources */,
				FAB8DF6B1DE386350091B7B1 /* main.m in Sources */,
				E93C3CD31DF6A864006C9761 /* MainMenuViewController.m in Sources */,
			);
			runOnlyForDeploymentPostprocessing = 0;
		};
		FAB8DF7B1DE386360091B7B1 /* Sources */ = {
			isa = PBXSourcesBuildPhase;
			buildActionMask = 2147483647;
			files = (
			);
			runOnlyForDeploymentPostprocessing = 0;
		};
		FAB8DF861DE386360091B7B1 /* Sources */ = {
			isa = PBXSourcesBuildPhase;
			buildActionMask = 2147483647;
			files = (
				FAB8DF8F1DE386360091B7B1 /* eventAppUITests.m in Sources */,
			);
			runOnlyForDeploymentPostprocessing = 0;
		};
/* End PBXSourcesBuildPhase section */

/* Begin PBXTargetDependency section */
		FAB8DF811DE386360091B7B1 /* PBXTargetDependency */ = {
			isa = PBXTargetDependency;
			target = FAB8DF651DE386350091B7B1 /* eventApp */;
			targetProxy = FAB8DF801DE386360091B7B1 /* PBXContainerItemProxy */;
		};
		FAB8DF8C1DE386360091B7B1 /* PBXTargetDependency */ = {
			isa = PBXTargetDependency;
			target = FAB8DF651DE386350091B7B1 /* eventApp */;
			targetProxy = FAB8DF8B1DE386360091B7B1 /* PBXContainerItemProxy */;
		};
/* End PBXTargetDependency section */

/* Begin PBXVariantGroup section */
		FAB8DF721DE386360091B7B1 /* Main.storyboard */ = {
			isa = PBXVariantGroup;
			children = (
				FAB8DF731DE386360091B7B1 /* Base */,
			);
			name = Main.storyboard;
			sourceTree = "<group>";
		};
		FAB8DF771DE386360091B7B1 /* LaunchScreen.storyboard */ = {
			isa = PBXVariantGroup;
			children = (
				FAB8DF781DE386360091B7B1 /* Base */,
			);
			name = LaunchScreen.storyboard;
			sourceTree = "<group>";
		};
/* End PBXVariantGroup section */

/* Begin XCBuildConfiguration section */
		FAB8DF911DE386360091B7B1 /* Debug */ = {
			isa = XCBuildConfiguration;
			buildSettings = {
				ALWAYS_SEARCH_USER_PATHS = NO;
				CLANG_ANALYZER_NONNULL = YES;
				CLANG_CXX_LANGUAGE_STANDARD = "gnu++0x";
				CLANG_CXX_LIBRARY = "libc++";
				CLANG_ENABLE_MODULES = YES;
				CLANG_ENABLE_OBJC_ARC = YES;
				CLANG_WARN_BOOL_CONVERSION = YES;
				CLANG_WARN_CONSTANT_CONVERSION = YES;
				CLANG_WARN_DIRECT_OBJC_ISA_USAGE = YES_ERROR;
				CLANG_WARN_DOCUMENTATION_COMMENTS = YES;
				CLANG_WARN_EMPTY_BODY = YES;
				CLANG_WARN_ENUM_CONVERSION = YES;
				CLANG_WARN_INFINITE_RECURSION = YES;
				CLANG_WARN_INT_CONVERSION = YES;
				CLANG_WARN_OBJC_ROOT_CLASS = YES_ERROR;
				CLANG_WARN_SUSPICIOUS_MOVES = YES;
				CLANG_WARN_UNREACHABLE_CODE = YES;
				CLANG_WARN__DUPLICATE_METHOD_MATCH = YES;
				"CODE_SIGN_IDENTITY[sdk=iphoneos*]" = "iPhone Developer";
				COPY_PHASE_STRIP = NO;
				DEBUG_INFORMATION_FORMAT = dwarf;
				ENABLE_STRICT_OBJC_MSGSEND = YES;
				ENABLE_TESTABILITY = YES;
				GCC_C_LANGUAGE_STANDARD = gnu99;
				GCC_DYNAMIC_NO_PIC = NO;
				GCC_NO_COMMON_BLOCKS = YES;
				GCC_OPTIMIZATION_LEVEL = 0;
				GCC_PREPROCESSOR_DEFINITIONS = (
					"DEBUG=1",
					"$(inherited)",
				);
				GCC_WARN_64_TO_32_BIT_CONVERSION = YES;
				GCC_WARN_ABOUT_RETURN_TYPE = YES_ERROR;
				GCC_WARN_UNDECLARED_SELECTOR = YES;
				GCC_WARN_UNINITIALIZED_AUTOS = YES_AGGRESSIVE;
				GCC_WARN_UNUSED_FUNCTION = YES;
				GCC_WARN_UNUSED_VARIABLE = YES;
				IPHONEOS_DEPLOYMENT_TARGET = 10.1;
				MTL_ENABLE_DEBUG_INFO = YES;
				ONLY_ACTIVE_ARCH = YES;
				SDKROOT = iphoneos;
			};
			name = Debug;
		};
		FAB8DF921DE386360091B7B1 /* Release */ = {
			isa = XCBuildConfiguration;
			buildSettings = {
				ALWAYS_SEARCH_USER_PATHS = NO;
				CLANG_ANALYZER_NONNULL = YES;
				CLANG_CXX_LANGUAGE_STANDARD = "gnu++0x";
				CLANG_CXX_LIBRARY = "libc++";
				CLANG_ENABLE_MODULES = YES;
				CLANG_ENABLE_OBJC_ARC = YES;
				CLANG_WARN_BOOL_CONVERSION = YES;
				CLANG_WARN_CONSTANT_CONVERSION = YES;
				CLANG_WARN_DIRECT_OBJC_ISA_USAGE = YES_ERROR;
				CLANG_WARN_DOCUMENTATION_COMMENTS = YES;
				CLANG_WARN_EMPTY_BODY = YES;
				CLANG_WARN_ENUM_CONVERSION = YES;
				CLANG_WARN_INFINITE_RECURSION = YES;
				CLANG_WARN_INT_CONVERSION = YES;
				CLANG_WARN_OBJC_ROOT_CLASS = YES_ERROR;
				CLANG_WARN_SUSPICIOUS_MOVES = YES;
				CLANG_WARN_UNREACHABLE_CODE = YES;
				CLANG_WARN__DUPLICATE_METHOD_MATCH = YES;
				"CODE_SIGN_IDENTITY[sdk=iphoneos*]" = "iPhone Developer";
				COPY_PHASE_STRIP = NO;
				DEBUG_INFORMATION_FORMAT = "dwarf-with-dsym";
				ENABLE_NS_ASSERTIONS = NO;
				ENABLE_STRICT_OBJC_MSGSEND = YES;
				GCC_C_LANGUAGE_STANDARD = gnu99;
				GCC_NO_COMMON_BLOCKS = YES;
				GCC_WARN_64_TO_32_BIT_CONVERSION = YES;
				GCC_WARN_ABOUT_RETURN_TYPE = YES_ERROR;
				GCC_WARN_UNDECLARED_SELECTOR = YES;
				GCC_WARN_UNINITIALIZED_AUTOS = YES_AGGRESSIVE;
				GCC_WARN_UNUSED_FUNCTION = YES;
				GCC_WARN_UNUSED_VARIABLE = YES;
				IPHONEOS_DEPLOYMENT_TARGET = 10.1;
				MTL_ENABLE_DEBUG_INFO = NO;
				SDKROOT = iphoneos;
				VALIDATE_PRODUCT = YES;
			};
			name = Release;
		};
		FAB8DF941DE386360091B7B1 /* Debug */ = {
			isa = XCBuildConfiguration;
			baseConfigurationReference = 725C152859638777503B8A0F /* Pods-eventApp.debug.xcconfig */;
			buildSettings = {
				ASSETCATALOG_COMPILER_APPICON_NAME = AppIcon;
				CLANG_MODULES_AUTOLINK = YES;
				CODE_SIGN_ENTITLEMENTS = eventApp/eventApp.entitlements;
				"CODE_SIGN_IDENTITY[sdk=iphoneos*]" = "iPhone Developer";
				DEVELOPMENT_TEAM = UN8KEBG9D8;
				FRAMEWORK_SEARCH_PATHS = (
					"$(inherited)",
					"$(PROJECT_DIR)",
				);
				INFOPLIST_FILE = eventApp/Info.plist;
				LD_RUNPATH_SEARCH_PATHS = "$(inherited) @executable_path/Frameworks";
				PRODUCT_BUNDLE_IDENTIFIER = com.example.eventApp2;
				PRODUCT_NAME = "$(TARGET_NAME)";
			};
			name = Debug;
		};
		FAB8DF951DE386360091B7B1 /* Release */ = {
			isa = XCBuildConfiguration;
			baseConfigurationReference = DB06548DC021599EE97C9AF8 /* Pods-eventApp.release.xcconfig */;
			buildSettings = {
				ASSETCATALOG_COMPILER_APPICON_NAME = AppIcon;
				CLANG_MODULES_AUTOLINK = YES;
				CODE_SIGN_ENTITLEMENTS = eventApp/eventApp.entitlements;
				"CODE_SIGN_IDENTITY[sdk=iphoneos*]" = "iPhone Developer";
				DEVELOPMENT_TEAM = UN8KEBG9D8;
				FRAMEWORK_SEARCH_PATHS = (
					"$(inherited)",
					"$(PROJECT_DIR)",
				);
				INFOPLIST_FILE = eventApp/Info.plist;
				LD_RUNPATH_SEARCH_PATHS = "$(inherited) @executable_path/Frameworks";
				PRODUCT_BUNDLE_IDENTIFIER = com.example.eventApp2;
				PRODUCT_NAME = "$(TARGET_NAME)";
			};
			name = Release;
		};
		FAB8DF971DE386360091B7B1 /* Debug */ = {
			isa = XCBuildConfiguration;
			baseConfigurationReference = 3C8F0C82CF611CAC46D83D54 /* Pods-eventAppTests.debug.xcconfig */;
			buildSettings = {
				BUNDLE_LOADER = "$(TEST_HOST)";
				INFOPLIST_FILE = eventAppTests/Info.plist;
				LD_RUNPATH_SEARCH_PATHS = "$(inherited) @executable_path/Frameworks @loader_path/Frameworks";
				PRODUCT_BUNDLE_IDENTIFIER = com.example.eventAppTests;
				PRODUCT_NAME = "$(TARGET_NAME)";
				TEST_HOST = "$(BUILT_PRODUCTS_DIR)/eventApp.app/eventApp";
			};
			name = Debug;
		};
		FAB8DF981DE386360091B7B1 /* Release */ = {
			isa = XCBuildConfiguration;
			baseConfigurationReference = 8EA7B8E5537F6EE8F8DF0749 /* Pods-eventAppTests.release.xcconfig */;
			buildSettings = {
				BUNDLE_LOADER = "$(TEST_HOST)";
				INFOPLIST_FILE = eventAppTests/Info.plist;
				LD_RUNPATH_SEARCH_PATHS = "$(inherited) @executable_path/Frameworks @loader_path/Frameworks";
				ONLY_ACTIVE_ARCH = NO;
				PRODUCT_BUNDLE_IDENTIFIER = com.example.eventAppTests;
				PRODUCT_NAME = "$(TARGET_NAME)";
				TEST_HOST = "$(BUILT_PRODUCTS_DIR)/eventApp.app/eventApp";
			};
			name = Release;
		};
		FAB8DF9A1DE386360091B7B1 /* Debug */ = {
			isa = XCBuildConfiguration;
			buildSettings = {
				INFOPLIST_FILE = eventAppUITests/Info.plist;
				LD_RUNPATH_SEARCH_PATHS = "$(inherited) @executable_path/Frameworks @loader_path/Frameworks";
				PRODUCT_BUNDLE_IDENTIFIER = com.example.eventAppUITests;
				PRODUCT_NAME = "$(TARGET_NAME)";
				TEST_TARGET_NAME = eventApp;
			};
			name = Debug;
		};
		FAB8DF9B1DE386360091B7B1 /* Release */ = {
			isa = XCBuildConfiguration;
			buildSettings = {
				INFOPLIST_FILE = eventAppUITests/Info.plist;
				LD_RUNPATH_SEARCH_PATHS = "$(inherited) @executable_path/Frameworks @loader_path/Frameworks";
				PRODUCT_BUNDLE_IDENTIFIER = com.example.eventAppUITests;
				PRODUCT_NAME = "$(TARGET_NAME)";
				TEST_TARGET_NAME = eventApp;
			};
			name = Release;
		};
/* End XCBuildConfiguration section */

/* Begin XCConfigurationList section */
		FAB8DF611DE386350091B7B1 /* Build configuration list for PBXProject "eventApp" */ = {
			isa = XCConfigurationList;
			buildConfigurations = (
				FAB8DF911DE386360091B7B1 /* Debug */,
				FAB8DF921DE386360091B7B1 /* Release */,
			);
			defaultConfigurationIsVisible = 0;
			defaultConfigurationName = Release;
		};
		FAB8DF931DE386360091B7B1 /* Build configuration list for PBXNativeTarget "eventApp" */ = {
			isa = XCConfigurationList;
			buildConfigurations = (
				FAB8DF941DE386360091B7B1 /* Debug */,
				FAB8DF951DE386360091B7B1 /* Release */,
			);
			defaultConfigurationIsVisible = 0;
			defaultConfigurationName = Release;
		};
		FAB8DF961DE386360091B7B1 /* Build configuration list for PBXNativeTarget "eventAppTests" */ = {
			isa = XCConfigurationList;
			buildConfigurations = (
				FAB8DF971DE386360091B7B1 /* Debug */,
				FAB8DF981DE386360091B7B1 /* Release */,
			);
			defaultConfigurationIsVisible = 0;
			defaultConfigurationName = Release;
		};
		FAB8DF991DE386360091B7B1 /* Build configuration list for PBXNativeTarget "eventAppUITests" */ = {
			isa = XCConfigurationList;
			buildConfigurations = (
				FAB8DF9A1DE386360091B7B1 /* Debug */,
				FAB8DF9B1DE386360091B7B1 /* Release */,
			);
			defaultConfigurationIsVisible = 0;
			defaultConfigurationName = Release;
		};
/* End XCConfigurationList section */
	};
	rootObject = FAB8DF5E1DE386350091B7B1 /* Project object */;
}
